Microsoft Visual Studio Solution File, Format Version 12.00
# Visual Studio 15
VisualStudioVersion = 15.0.27130.2010
MinimumVisualStudioVersion = 15.0.26124.0
Project("{2150E333-8FDC-42A3-9474-1A3956D46DE8}") = "src", "src", "{60EF23FC-96FE-462C-B623-3133DBC9736E}"
EndProject
Project("{9A19103F-16F7-4668-BE54-9A1E7A4F7556}") = "Contacts.Models", "src\Contacts.Models\Contacts.Models.csproj", "{590294CA-DBE7-4A50-AD37-559982DB553A}"
EndProject
Project("{9A19103F-16F7-4668-BE54-9A1E7A4F7556}") = "Contacts.ViewModels", "src\Contacts.ViewModels\Contacts.ViewModels.csproj", "{EA3D7535-C2A1-4267-B35F-5593F1EE9DC8}"
EndProject
Project("{FAE04EC0-301F-11D3-BF4B-00C04F79EFBC}") = "ContactsBook", "src\ContactsBook\ContactsBook.csproj", "{24DE3C83-3168-4009-B291-C91EA1D7A644}"
EndProject
Global
	GlobalSection(SolutionConfigurationPlatforms) = preSolution
		Debug|Any CPU = Debug|Any CPU
		Debug|x64 = Debug|x64
		Debug|x86 = Debug|x86
		Release|Any CPU = Release|Any CPU
		Release|x64 = Release|x64
		Release|x86 = Release|x86
	EndGlobalSection
	GlobalSection(ProjectConfigurationPlatforms) = postSolution
		{590294CA-DBE7-4A50-AD37-559982DB553A}.Debug|Any CPU.ActiveCfg = Debug|Any CPU
		{590294CA-DBE7-4A50-AD37-559982DB553A}.Debug|Any CPU.Build.0 = Debug|Any CPU
		{590294CA-DBE7-4A50-AD37-559982DB553A}.Debug|x64.ActiveCfg = Debug|Any CPU
		{590294CA-DBE7-4A50-AD37-559982DB553A}.Debug|x64.Build.0 = Debug|Any CPU
		{590294CA-DBE7-4A50-AD37-559982DB553A}.Debug|x86.ActiveCfg = Debug|Any CPU
		{590294CA-DBE7-4A50-AD37-559982DB553A}.Debug|x86.Build.0 = Debug|Any CPU
		{590294CA-DBE7-4A50-AD37-559982DB553A}.Release|Any CPU.ActiveCfg = Release|Any CPU
		{590294CA-DBE7-4A50-AD37-559982DB553A}.Release|Any CPU.Build.0 = Release|Any CPU
		{590294CA-DBE7-4A50-AD37-559982DB553A}.Release|x64.ActiveCfg = Release|Any CPU
		{590294CA-DBE7-4A50-AD37-559982DB553A}.Release|x64.Build.0 = Release|Any CPU
		{590294CA-DBE7-4A50-AD37-559982DB553A}.Release|x86.ActiveCfg = Release|Any CPU
		{590294CA-DBE7-4A50-AD37-559982DB553A}.Release|x86.Build.0 = Release|Any CPU
		{EA3D7535-C2A1-4267-B35F-5593F1EE9DC8}.Debug|Any CPU.ActiveCfg = Debug|Any CPU
		{EA3D7535-C2A1-4267-B35F-5593F1EE9DC8}.Debug|Any CPU.Build.0 = Debug|Any CPU
		{EA3D7535-C2A1-4267-B35F-5593F1EE9DC8}.Debug|x64.ActiveCfg = Debug|Any CPU
		{EA3D7535-C2A1-4267-B35F-5593F1EE9DC8}.Debug|x64.Build.0 = Debug|Any CPU
		{EA3D7535-C2A1-4267-B35F-5593F1EE9DC8}.Debug|x86.ActiveCfg = Debug|Any CPU
		{EA3D7535-C2A1-4267-B35F-5593F1EE9DC8}.Debug|x86.Build.0 = Debug|Any CPU
		{EA3D7535-C2A1-4267-B35F-5593F1EE9DC8}.Release|Any CPU.ActiveCfg = Release|Any CPU
		{EA3D7535-C2A1-4267-B35F-5593F1EE9DC8}.Release|Any CPU.Build.0 = Release|Any CPU
		{EA3D7535-C2A1-4267-B35F-5593F1EE9DC8}.Release|x64.ActiveCfg = Release|Any CPU
		{EA3D7535-C2A1-4267-B35F-5593F1EE9DC8}.Release|x64.Build.0 = Release|Any CPU
		{EA3D7535-C2A1-4267-B35F-5593F1EE9DC8}.Release|x86.ActiveCfg = Release|Any CPU
		{EA3D7535-C2A1-4267-B35F-5593F1EE9DC8}.Release|x86.Build.0 = Release|Any CPU
		{24DE3C83-3168-4009-B291-C91EA1D7A644}.Debug|Any CPU.ActiveCfg = Debug|Any CPU
		{24DE3C83-3168-4009-B291-C91EA1D7A644}.Debug|Any CPU.Build.0 = Debug|Any CPU
		{24DE3C83-3168-4009-B291-C91EA1D7A644}.Debug|x64.ActiveCfg = Debug|Any CPU
		{24DE3C83-3168-4009-B291-C91EA1D7A644}.Debug|x64.Build.0 = Debug|Any CPU
		{24DE3C83-3168-4009-B291-C91EA1D7A644}.Debug|x86.ActiveCfg = Debug|Any CPU
		{24DE3C83-3168-4009-B291-C91EA1D7A644}.Debug|x86.Build.0 = Debug|Any CPU
		{24DE3C83-3168-4009-B291-C91EA1D7A644}.Release|Any CPU.ActiveCfg = Release|Any CPU
		{24DE3C83-3168-4009-B291-C91EA1D7A644}.Release|Any CPU.Build.0 = Release|Any CPU
		{24DE3C83-3168-4009-B291-C91EA1D7A644}.Release|x64.ActiveCfg = Release|Any CPU
		{24DE3C83-3168-4009-B291-C91EA1D7A644}.Release|x64.Build.0 = Release|Any CPU
		{24DE3C83-3168-4009-B291-C91EA1D7A644}.Release|x86.ActiveCfg = Release|Any CPU
		{24DE3C83-3168-4009-B291-C91EA1D7A644}.Release|x86.Build.0 = Release|Any CPU
	EndGlobalSection
	GlobalSection(SolutionProperties) = preSolution
		HideSolutionNode = FALSE
	EndGlobalSection
	GlobalSection(NestedProjects) = preSolution
		{590294CA-DBE7-4A50-AD37-559982DB553A} = {60EF23FC-96FE-462C-B623-3133DBC9736E}
		{EA3D7535-C2A1-4267-B35F-5593F1EE9DC8} = {60EF23FC-96FE-462C-B623-3133DBC9736E}
		{24DE3C83-3168-4009-B291-C91EA1D7A644} = {60EF23FC-96FE-462C-B623-3133DBC9736E}
	EndGlobalSection
	GlobalSection(ExtensibilityGlobals) = postSolution
		SolutionGuid = {E2F84FE0-03EB-4A10-8EF9-A4D5520A40B0}
	EndGlobalSection
EndGlobal
